{
  "name": "opleiding-cybersecurity-be",
  "version": "0.0.0",
  "lockfileVersion": 1,
  "requires": true,
  "dependencies": {
    "vuepress-plugin-zooming": {
      "version": "1.1.8",
      "resolved": "https://registry.npmjs.org/vuepress-plugin-zooming/-/vuepress-plugin-zooming-1.1.8.tgz",
      "integrity": "sha512-QAspMEqzerd0n8z/oOL5a67V/QaFZyjSwfo86y6PWhDdVAeOLR7umJ7syQqJpMdN9EVxmAstuzbKHkRxWzL0NQ==",
      "dev": true,
      "requires": {
        "zooming": "^2.1.1"
      }
    },
    "zooming": {
      "version": "2.1.1",
      "resolved": "https://registry.npmjs.org/zooming/-/zooming-2.1.1.tgz",
      "integrity": "sha512-Z38dkZRQsFNBE67+xDBQLNKMs5J1Gc+s3/zO6iezTrC24VYLJV7YPBdBDJmiLhff5qa6Awxv4wsjqx3oYz2MYA==",
      "dev": true
    }
  }
}
